
Microsoft Visual Studio Solution File, Format Version 12.00
# Visual Studio Version 16
VisualStudioVersion = 16.0.30517.126
MinimumVisualStudioVersion = 10.0.40219.1
Project("{FAE04EC0-301F-11D3-BF4B-00C04F79EFBC}") = "APICatalogo", "APICatalogo\APICatalogo.csproj", "{5675AF3F-8709-4D8C-BB71-4B8994748DDE}"
EndProject
Global
	GlobalSection(SolutionConfigurationPlatforms) = preSolution
		Debug|Any CPU = Debug|Any CPU
		Release|Any CPU = Release|Any CPU
	EndGlobalSection
	GlobalSection(ProjectConfigurationPlatforms) = postSolution
		{5675AF3F-8709-4D8C-BB71-4B8994748DDE}.Debug|Any CPU.ActiveCfg = Debug|Any CPU
		{5675AF3F-8709-4D8C-BB71-4B8994748DDE}.Debug|Any CPU.Build.0 = Debug|Any CPU
		{5675AF3F-8709-4D8C-BB71-4B8994748DDE}.Release|Any CPU.ActiveCfg = Release|Any CPU
		{5675AF3F-8709-4D8C-BB71-4B8994748DDE}.Release|Any CPU.Build.0 = Release|Any CPU
	EndGlobalSection
	GlobalSection(SolutionProperties) = preSolution
		HideSolutionNode = FALSE
	EndGlobalSection
	GlobalSection(ExtensibilityGlobals) = postSolution
		SolutionGuid = {74FACB61-9110-480A-B130-3B01B2F0A4AB}
	EndGlobalSection
EndGlobal
